
Microsoft Visual Studio Solution File, Format Version 12.00
# Visual Studio Version 17
VisualStudioVersion = 17.3.32922.545
MinimumVisualStudioVersion = 10.0.40219.1
Project("{FAE04EC0-301F-11D3-BF4B-00C04F79EFBC}") = "работа 4.1", "работа 4.1\работа 4.1.csproj", "{882C29FA-7DBE-421D-A2BA-30E33B7D4393}"
EndProject
Global
	GlobalSection(SolutionConfigurationPlatforms) = preSolution
		Debug|Any CPU = Debug|Any CPU
		Release|Any CPU = Release|Any CPU
	EndGlobalSection
	GlobalSection(ProjectConfigurationPlatforms) = postSolution
		{882C29FA-7DBE-421D-A2BA-30E33B7D4393}.Debug|Any CPU.ActiveCfg = Debug|Any CPU
		{882C29FA-7DBE-421D-A2BA-30E33B7D4393}.Debug|Any CPU.Build.0 = Debug|Any CPU
		{882C29FA-7DBE-421D-A2BA-30E33B7D4393}.Release|Any CPU.ActiveCfg = Release|Any CPU
		{882C29FA-7DBE-421D-A2BA-30E33B7D4393}.Release|Any CPU.Build.0 = Release|Any CPU
	EndGlobalSection
	GlobalSection(SolutionProperties) = preSolution
		HideSolutionNode = FALSE
	EndGlobalSection
	GlobalSection(ExtensibilityGlobals) = postSolution
		SolutionGuid = {B0E237DF-59E1-4252-ACC1-46B92D907150}
	EndGlobalSection
EndGlobal
